
Microsoft Visual Studio Solution File, Format Version 12.00
# Visual Studio 15
VisualStudioVersion = 15.0.28307.960
MinimumVisualStudioVersion = 10.0.40219.1
Project("{FAE04EC0-301F-11D3-BF4B-00C04F79EFBC}") = "AnotherNamelessHero", "AnotherNamelessHero\AnotherNamelessHero.csproj", "{951C2627-4D65-46D1-BF69-295840FEADF6}"
EndProject
Global
	GlobalSection(SolutionConfigurationPlatforms) = preSolution
		Debug|Any CPU = Debug|Any CPU
		Release|Any CPU = Release|Any CPU
	EndGlobalSection
	GlobalSection(ProjectConfigurationPlatforms) = postSolution
		{951C2627-4D65-46D1-BF69-295840FEADF6}.Debug|Any CPU.ActiveCfg = Debug|Any CPU
		{951C2627-4D65-46D1-BF69-295840FEADF6}.Debug|Any CPU.Build.0 = Debug|Any CPU
		{951C2627-4D65-46D1-BF69-295840FEADF6}.Release|Any CPU.ActiveCfg = Release|Any CPU
		{951C2627-4D65-46D1-BF69-295840FEADF6}.Release|Any CPU.Build.0 = Release|Any CPU
	EndGlobalSection
	GlobalSection(SolutionProperties) = preSolution
		HideSolutionNode = FALSE
	EndGlobalSection
	GlobalSection(ExtensibilityGlobals) = postSolution
		SolutionGuid = {253D8249-4E32-4F3D-A326-9D5E9F5E4714}
	EndGlobalSection
EndGlobal
